
Microsoft Visual Studio Solution File, Format Version 12.00
# Visual Studio 2013
VisualStudioVersion = 12.0.30110.0
MinimumVisualStudioVersion = 10.0.40219.1
Project("{F2A71F9B-5D33-465A-A702-920D77279786}") = "SenchaArchitect", "SenchaArchitect\SenchaArchitect.fsproj", "{BB580453-0CAA-4518-B3D9-F3B7D58F975D}"
EndProject
Global
	GlobalSection(SolutionConfigurationPlatforms) = preSolution
		Debug|Any CPU = Debug|Any CPU
		Release|Any CPU = Release|Any CPU
	EndGlobalSection
	GlobalSection(ProjectConfigurationPlatforms) = postSolution
		{BB580453-0CAA-4518-B3D9-F3B7D58F975D}.Debug|Any CPU.ActiveCfg = Debug|Any CPU
		{BB580453-0CAA-4518-B3D9-F3B7D58F975D}.Debug|Any CPU.Build.0 = Debug|Any CPU
		{BB580453-0CAA-4518-B3D9-F3B7D58F975D}.Release|Any CPU.ActiveCfg = Release|Any CPU
		{BB580453-0CAA-4518-B3D9-F3B7D58F975D}.Release|Any CPU.Build.0 = Release|Any CPU
	EndGlobalSection
	GlobalSection(SolutionProperties) = preSolution
		HideSolutionNode = FALSE
	EndGlobalSection
EndGlobal
