
Microsoft Visual Studio Solution File, Format Version 11.00
# Visual Studio 2010
Project("{FAE04EC0-301F-11D3-BF4B-00C04F79EFBC}") = "WebApplication", "WebExcel\WebApplication\WebApplication.csproj", "{DB15D4F3-DBF8-4AD4-B14A-C2A2877ECE66}"
EndProject
Project("{F2A71F9B-5D33-465A-A702-920D77279786}") = "WebExcel", "WebExcel\WebSharperProject\WebExcel.fsproj", "{6F62EE58-9977-43CC-80E4-D05D2EDBDABC}"
EndProject
Global
	GlobalSection(SolutionConfigurationPlatforms) = preSolution
		Debug|Any CPU = Debug|Any CPU
		Release|Any CPU = Release|Any CPU
	EndGlobalSection
	GlobalSection(ProjectConfigurationPlatforms) = postSolution
		{DB15D4F3-DBF8-4AD4-B14A-C2A2877ECE66}.Debug|Any CPU.ActiveCfg = Debug|Any CPU
		{DB15D4F3-DBF8-4AD4-B14A-C2A2877ECE66}.Debug|Any CPU.Build.0 = Debug|Any CPU
		{DB15D4F3-DBF8-4AD4-B14A-C2A2877ECE66}.Release|Any CPU.ActiveCfg = Release|Any CPU
		{DB15D4F3-DBF8-4AD4-B14A-C2A2877ECE66}.Release|Any CPU.Build.0 = Release|Any CPU
		{6F62EE58-9977-43CC-80E4-D05D2EDBDABC}.Debug|Any CPU.ActiveCfg = Debug|Any CPU
		{6F62EE58-9977-43CC-80E4-D05D2EDBDABC}.Debug|Any CPU.Build.0 = Debug|Any CPU
		{6F62EE58-9977-43CC-80E4-D05D2EDBDABC}.Release|Any CPU.ActiveCfg = Release|Any CPU
		{6F62EE58-9977-43CC-80E4-D05D2EDBDABC}.Release|Any CPU.Build.0 = Release|Any CPU
	EndGlobalSection
	GlobalSection(SolutionProperties) = preSolution
		HideSolutionNode = FALSE
	EndGlobalSection
EndGlobal
